
Microsoft Visual Studio Solution File, Format Version 12.00
# Visual Studio Version 17
VisualStudioVersion = 17.9.34616.47
MinimumVisualStudioVersion = 10.0.40219.1
Project("{9A19103F-16F7-4668-BE54-9A1E7A4F7556}") = "AuctionClient", "AuctionClient\AuctionClient.csproj", "{D60C7850-F00A-4464-8CB6-B4447B635986}"
EndProject
Project("{9A19103F-16F7-4668-BE54-9A1E7A4F7556}") = "AuctionServer", "AuctionServer\AuctionServer.csproj", "{C301942F-D2D8-446B-9BAC-C846EB8E19BC}"
EndProject
Project("{FAE04EC0-301F-11D3-BF4B-00C04F79EFBC}") = "AuctionIdentity", "AuctionIdentity\AuctionIdentity.csproj", "{29657C53-3224-455B-A838-9F83A36A966D}"
EndProject
Global
	GlobalSection(SolutionConfigurationPlatforms) = preSolution
		Debug|Any CPU = Debug|Any CPU
		Release|Any CPU = Release|Any CPU
	EndGlobalSection
	GlobalSection(ProjectConfigurationPlatforms) = postSolution
		{D60C7850-F00A-4464-8CB6-B4447B635986}.Debug|Any CPU.ActiveCfg = Debug|Any CPU
		{D60C7850-F00A-4464-8CB6-B4447B635986}.Debug|Any CPU.Build.0 = Debug|Any CPU
		{D60C7850-F00A-4464-8CB6-B4447B635986}.Release|Any CPU.ActiveCfg = Release|Any CPU
		{D60C7850-F00A-4464-8CB6-B4447B635986}.Release|Any CPU.Build.0 = Release|Any CPU
		{C301942F-D2D8-446B-9BAC-C846EB8E19BC}.Debug|Any CPU.ActiveCfg = Debug|Any CPU
		{C301942F-D2D8-446B-9BAC-C846EB8E19BC}.Debug|Any CPU.Build.0 = Debug|Any CPU
		{C301942F-D2D8-446B-9BAC-C846EB8E19BC}.Release|Any CPU.ActiveCfg = Release|Any CPU
		{C301942F-D2D8-446B-9BAC-C846EB8E19BC}.Release|Any CPU.Build.0 = Release|Any CPU
		{29657C53-3224-455B-A838-9F83A36A966D}.Debug|Any CPU.ActiveCfg = Debug|Any CPU
		{29657C53-3224-455B-A838-9F83A36A966D}.Debug|Any CPU.Build.0 = Debug|Any CPU
		{29657C53-3224-455B-A838-9F83A36A966D}.Release|Any CPU.ActiveCfg = Release|Any CPU
		{29657C53-3224-455B-A838-9F83A36A966D}.Release|Any CPU.Build.0 = Release|Any CPU
	EndGlobalSection
	GlobalSection(SolutionProperties) = preSolution
		HideSolutionNode = FALSE
	EndGlobalSection
	GlobalSection(ExtensibilityGlobals) = postSolution
		SolutionGuid = {3FEBFEA6-DD5C-4BEF-92BA-5F45666ADA9B}
	EndGlobalSection
EndGlobal
